// !$*UTF8*$!
{
	archiveVersion = 1;
	classes = {
	};
	objectVersion = 46;
	objects = {

/* Begin PBXBuildFile section */
		8E8AAF741D10A58A00CC8158 /* AppDelegate.swift in Sources */ = {isa = PBXBuildFile; fileRef = 8E8AAF731D10A58A00CC8158 /* AppDelegate.swift */; };
		8E8AAF761D10A58A00CC8158 /* ViewController.swift in Sources */ = {isa = PBXBuildFile; fileRef = 8E8AAF751D10A58A00CC8158 /* ViewController.swift */; };
		8E8AAF791D10A58A00CC8158 /* Main.storyboard in Resources */ = {isa = PBXBuildFile; fileRef = 8E8AAF771D10A58A00CC8158 /* Main.storyboard */; };
		8E8AAF7B1D10A58A00CC8158 /* Assets.xcassets in Resources */ = {isa = PBXBuildFile; fileRef = 8E8AAF7A1D10A58A00CC8158 /* Assets.xcassets */; };
		8E8AAF7E1D10A58A00CC8158 /* LaunchScreen.storyboard in Resources */ = {isa = PBXBuildFile; fileRef = 8E8AAF7C1D10A58A00CC8158 /* LaunchScreen.storyboard */; };
		8E8AAF871D10A5F600CC8158 /* Post.swift in Sources */ = {isa = PBXBuildFile; fileRef = 8E8AAF861D10A5F600CC8158 /* Post.swift */; };
		8E8AAF8A1D10AD2200CC8158 /* PostCell.swift in Sources */ = {isa = PBXBuildFile; fileRef = 8E8AAF891D10AD2200CC8158 /* PostCell.swift */; };
		8E8AAF8D1D10B65C00CC8158 /* AddPostVC.swift in Sources */ = {isa = PBXBuildFile; fileRef = 8E8AAF8C1D10B65C00CC8158 /* AddPostVC.swift */; };
		8E8AAF901D10BF9300CC8158 /* DataService.swift in Sources */ = {isa = PBXBuildFile; fileRef = 8E8AAF8F1D10BF9300CC8158 /* DataService.swift */; };
/* End PBXBuildFile section */

/* Begin PBXFileReference section */
		8E8AAF701D10A58A00CC8158 /* my-hood.app */ = {isa = PBXFileReference; explicitFileType = wrapper.application; includeInIndex = 0; path = "my-hood.app"; sourceTree = BUILT_PRODUCTS_DIR; };
		8E8AAF731D10A58A00CC8158 /* AppDelegate.swift */ = {isa = PBXFileReference; lastKnownFileType = sourcecode.swift; path = AppDelegate.swift; sourceTree = "<group>"; };
		8E8AAF751D10A58A00CC8158 /* ViewController.swift */ = {isa = PBXFileReference; lastKnownFileType = sourcecode.swift; path = ViewController.swift; sourceTree = "<group>"; };
		8E8AAF781D10A58A00CC8158 /* Base */ = {isa = PBXFileReference; lastKnownFileType = file.storyboard; name = Base; path = Base.lproj/Main.storyboard; sourceTree = "<group>"; };
		8E8AAF7A1D10A58A00CC8158 /* Assets.xcassets */ = {isa = PBXFileReference; lastKnownFileType = folder.assetcatalog; path = Assets.xcassets; sourceTree = "<group>"; };
		8E8AAF7D1D10A58A00CC8158 /* Base */ = {isa = PBXFileReference; lastKnownFileType = file.storyboard; name = Base; path = Base.lproj/LaunchScreen.storyboard; sourceTree = "<group>"; };
		8E8AAF7F1D10A58A00CC8158 /* Info.plist */ = {isa = PBXFileReference; lastKnownFileType = text.plist.xml; path = Info.plist; sourceTree = "<group>"; };
		8E8AAF861D10A5F600CC8158 /* Post.swift */ = {isa = PBXFileReference; fileEncoding = 4; lastKnownFileType = sourcecode.swift; path = Post.swift; sourceTree = "<group>"; };
		8E8AAF891D10AD2200CC8158 /* PostCell.swift */ = {isa = PBXFileReference; fileEncoding = 4; lastKnownFileType = sourcecode.swift; path = PostCell.swift; sourceTree = "<group>"; };
		8E8AAF8C1D10B65C00CC8158 /* AddPostVC.swift */ = {isa = PBXFileReference; fileEncoding = 4; lastKnownFileType = sourcecode.swift; path = AddPostVC.swift; sourceTree = "<group>"; };
		8E8AAF8F1D10BF9300CC8158 /* DataService.swift */ = {isa = PBXFileReference; fileEncoding = 4; lastKnownFileType = sourcecode.swift; path = DataService.swift; sourceTree = "<group>"; };
/* End PBXFileReference section */

/* Begin PBXFrameworksBuildPhase section */
		8E8AAF6D1D10A58A00CC8158 /* Frameworks */ = {
			isa = PBXFrameworksBuildPhase;
			buildActionMask = 2147483647;
			files = (
			);
			runOnlyForDeploymentPostprocessing = 0;
		};
/* End PBXFrameworksBuildPhase section */

/* Begin PBXGroup section */
		8E8AAF671D10A58A00CC8158 = {
			isa = PBXGroup;
			children = (
				8E8AAF721D10A58A00CC8158 /* my-hood */,
				8E8AAF711D10A58A00CC8158 /* Products */,
			);
			sourceTree = "<group>";
		};
		8E8AAF711D10A58A00CC8158 /* Products */ = {
			isa = PBXGroup;
			children = (
				8E8AAF701D10A58A00CC8158 /* my-hood.app */,
			);
			name = Products;
			sourceTree = "<group>";
		};
		8E8AAF721D10A58A00CC8158 /* my-hood */ = {
			isa = PBXGroup;
			children = (
				8E8AAF8E1D10BF7F00CC8158 /* Services */,
				8E8AAF8B1D10B62100CC8158 /* Controller */,
				8E8AAF851D10A5E600CC8158 /* Model */,
				8E8AAF881D10ACFC00CC8158 /* View */,
				8E8AAF731D10A58A00CC8158 /* AppDelegate.swift */,
				8E8AAF7A1D10A58A00CC8158 /* Assets.xcassets */,
				8E8AAF7F1D10A58A00CC8158 /* Info.plist */,
			);
			path = "my-hood";
			sourceTree = "<group>";
		};
		8E8AAF851D10A5E600CC8158 /* Model */ = {
			isa = PBXGroup;
			children = (
				8E8AAF861D10A5F600CC8158 /* Post.swift */,
			);
			name = Model;
			sourceTree = "<group>";
		};
		8E8AAF881D10ACFC00CC8158 /* View */ = {
			isa = PBXGroup;
			children = (
				8E8AAF7C1D10A58A00CC8158 /* LaunchScreen.storyboard */,
				8E8AAF771D10A58A00CC8158 /* Main.storyboard */,
				8E8AAF891D10AD2200CC8158 /* PostCell.swift */,
			);
			name = View;
			sourceTree = "<group>";
		};
		8E8AAF8B1D10B62100CC8158 /* Controller */ = {
			isa = PBXGroup;
			children = (
				8E8AAF751D10A58A00CC8158 /* ViewController.swift */,
				8E8AAF8C1D10B65C00CC8158 /* AddPostVC.swift */,
			);
			name = Controller;
			sourceTree = "<group>";
		};
		8E8AAF8E1D10BF7F00CC8158 /* Services */ = {
			isa = PBXGroup;
			children = (
				8E8AAF8F1D10BF9300CC8158 /* DataService.swift */,
			);
			name = Services;
			sourceTree = "<group>";
		};
/* End PBXGroup section */

/* Begin PBXNativeTarget section */
		8E8AAF6F1D10A58A00CC8158 /* my-hood */ = {
			isa = PBXNativeTarget;
			buildConfigurationList = 8E8AAF821D10A58A00CC8158 /* Build configuration list for PBXNativeTarget "my-hood" */;
			buildPhases = (
				8E8AAF6C1D10A58A00CC8158 /* Sources */,
				8E8AAF6D1D10A58A00CC8158 /* Frameworks */,
				8E8AAF6E1D10A58A00CC8158 /* Resources */,
			);
			buildRules = (
			);
			dependencies = (
			);
			name = "my-hood";
			productName = "my-hood";
			productReference = 8E8AAF701D10A58A00CC8158 /* my-hood.app */;
			productType = "com.apple.product-type.application";
		};
/* End PBXNativeTarget section */

/* Begin PBXProject section */
		8E8AAF681D10A58A00CC8158 /* Project object */ = {
			isa = PBXProject;
			attributes = {
				LastSwiftUpdateCheck = 0730;
				LastUpgradeCheck = 0730;
				ORGANIZATIONNAME = "Gordon Seto";
				TargetAttributes = {
					8E8AAF6F1D10A58A00CC8158 = {
						CreatedOnToolsVersion = 7.3.1;
					};
				};
			};
			buildConfigurationList = 8E8AAF6B1D10A58A00CC8158 /* Build configuration list for PBXProject "my-hood" */;
			compatibilityVersion = "Xcode 3.2";
			developmentRegion = English;
			hasScannedForEncodings = 0;
			knownRegions = (
				en,
				Base,
			);
			mainGroup = 8E8AAF671D10A58A00CC8158;
			productRefGroup = 8E8AAF711D10A58A00CC8158 /* Products */;
			projectDirPath = "";
			projectRoot = "";
			targets = (
				8E8AAF6F1D10A58A00CC8158 /* my-hood */,
			);
		};
/* End PBXProject section */

/* Begin PBXResourcesBuildPhase section */
		8E8AAF6E1D10A58A00CC8158 /* Resources */ = {
			isa = PBXResourcesBuildPhase;
			buildActionMask = 2147483647;
			files = (
				8E8AAF7E1D10A58A00CC8158 /* LaunchScreen.storyboard in Resources */,
				8E8AAF7B1D10A58A00CC8158 /* Assets.xcassets in Resources */,
				8E8AAF791D10A58A00CC8158 /* Main.storyboard in Resources */,
			);
			runOnlyForDeploymentPostprocessing = 0;
		};
/* End PBXResourcesBuildPhase section */

/* Begin PBXSourcesBuildPhase section */
		8E8AAF6C1D10A58A00CC8158 /* Sources */ = {
			isa = PBXSourcesBuildPhase;
			buildActionMask = 2147483647;
			files = (
				8E8AAF871D10A5F600CC8158 /* Post.swift in Sources */,
				8E8AAF761D10A58A00CC8158 /* ViewController.swift in Sources */,
				8E8AAF8D1D10B65C00CC8158 /* AddPostVC.swift in Sources */,
				8E8AAF901D10BF9300CC8158 /* DataService.swift in Sources */,
				8E8AAF741D10A58A00CC8158 /* AppDelegate.swift in Sources */,
				8E8AAF8A1D10AD2200CC8158 /* PostCell.swift in Sources */,
			);
			runOnlyForDeploymentPostprocessing = 0;
		};
/* End PBXSourcesBuildPhase section */

/* Begin PBXVariantGroup section */
		8E8AAF771D10A58A00CC8158 /* Main.storyboard */ = {
			isa = PBXVariantGroup;
			children = (
				8E8AAF781D10A58A00CC8158 /* Base */,
			);
			name = Main.storyboard;
			sourceTree = "<group>";
		};
		8E8AAF7C1D10A58A00CC8158 /* LaunchScreen.storyboard */ = {
			isa = PBXVariantGroup;
			children = (
				8E8AAF7D1D10A58A00CC8158 /* Base */,
			);
			name = LaunchScreen.storyboard;
			sourceTree = "<group>";
		};
/* End PBXVariantGroup section */

/* Begin XCBuildConfiguration section */
		8E8AAF801D10A58A00CC8158 /* Debug */ = {
			isa = XCBuildConfiguration;
			buildSettings = {
				ALWAYS_SEARCH_USER_PATHS = NO;
				CLANG_ANALYZER_NONNULL = YES;
				CLANG_CXX_LANGUAGE_STANDARD = "gnu++0x";
				CLANG_CXX_LIBRARY = "libc++";
				CLANG_ENABLE_MODULES = YES;
				CLANG_ENABLE_OBJC_ARC = YES;
				CLANG_WARN_BOOL_CONVERSION = YES;
				CLANG_WARN_CONSTANT_CONVERSION = YES;
				CLANG_WARN_DIRECT_OBJC_ISA_USAGE = YES_ERROR;
				CLANG_WARN_EMPTY_BODY = YES;
				CLANG_WARN_ENUM_CONVERSION = YES;
				CLANG_WARN_INT_CONVERSION = YES;
				CLANG_WARN_OBJC_ROOT_CLASS = YES_ERROR;
				CLANG_WARN_UNREACHABLE_CODE = YES;
				CLANG_WARN__DUPLICATE_METHOD_MATCH = YES;
				"CODE_SIGN_IDENTITY[sdk=iphoneos*]" = "iPhone Developer";
				COPY_PHASE_STRIP = NO;
				DEBUG_INFORMATION_FORMAT = dwarf;
				ENABLE_STRICT_OBJC_MSGSEND = YES;
				ENABLE_TESTABILITY = YES;
				GCC_C_LANGUAGE_STANDARD = gnu99;
				GCC_DYNAMIC_NO_PIC = NO;
				GCC_NO_COMMON_BLOCKS = YES;
				GCC_OPTIMIZATION_LEVEL = 0;
				GCC_PREPROCESSOR_DEFINITIONS = (
					"DEBUG=1",
					"$(inherited)",
				);
				GCC_WARN_64_TO_32_BIT_CONVERSION = YES;
				GCC_WARN_ABOUT_RETURN_TYPE = YES_ERROR;
				GCC_WARN_UNDECLARED_SELECTOR = YES;
				GCC_WARN_UNINITIALIZED_AUTOS = YES_AGGRESSIVE;
				GCC_WARN_UNUSED_FUNCTION = YES;
				GCC_WARN_UNUSED_VARIABLE = YES;
				IPHONEOS_DEPLOYMENT_TARGET = 9.3;
				MTL_ENABLE_DEBUG_INFO = YES;
				ONLY_ACTIVE_ARCH = YES;
				SDKROOT = iphoneos;
				SWIFT_OPTIMIZATION_LEVEL = "-Onone";
			};
			name = Debug;
		};
		8E8AAF811D10A58A00CC8158 /* Release */ = {
			isa = XCBuildConfiguration;
			buildSettings = {
				ALWAYS_SEARCH_USER_PATHS = NO;
				CLANG_ANALYZER_NONNULL = YES;
				CLANG_CXX_LANGUAGE_STANDARD = "gnu++0x";
				CLANG_CXX_LIBRARY = "libc++";
				CLANG_ENABLE_MODULES = YES;
				CLANG_ENABLE_OBJC_ARC = YES;
				CLANG_WARN_BOOL_CONVERSION = YES;
				CLANG_WARN_CONSTANT_CONVERSION = YES;
				CLANG_WARN_DIRECT_OBJC_ISA_USAGE = YES_ERROR;
				CLANG_WARN_EMPTY_BODY = YES;
				CLANG_WARN_ENUM_CONVERSION = YES;
				CLANG_WARN_INT_CONVERSION = YES;
				CLANG_WARN_OBJC_ROOT_CLASS = YES_ERROR;
				CLANG_WARN_UNREACHABLE_CODE = YES;
				CLANG_WARN__DUPLICATE_METHOD_MATCH = YES;
				"CODE_SIGN_IDENTITY[sdk=iphoneos*]" = "iPhone Developer";
				COPY_PHASE_STRIP = NO;
				DEBUG_INFORMATION_FORMAT = "dwarf-with-dsym";
				ENABLE_NS_ASSERTIONS = NO;
				ENABLE_STRICT_OBJC_MSGSEND = YES;
				GCC_C_LANGUAGE_STANDARD = gnu99;
				GCC_NO_COMMON_BLOCKS = YES;
				GCC_WARN_64_TO_32_BIT_CONVERSION = YES;
				GCC_WARN_ABOUT_RETURN_TYPE = YES_ERROR;
				GCC_WARN_UNDECLARED_SELECTOR = YES;
				GCC_WARN_UNINITIALIZED_AUTOS = YES_AGGRESSIVE;
				GCC_WARN_UNUSED_FUNCTION = YES;
				GCC_WARN_UNUSED_VARIABLE = YES;
				IPHONEOS_DEPLOYMENT_TARGET = 9.3;
				MTL_ENABLE_DEBUG_INFO = NO;
				SDKROOT = iphoneos;
				VALIDATE_PRODUCT = YES;
			};
			name = Release;
		};
		8E8AAF831D10A58A00CC8158 /* Debug */ = {
			isa = XCBuildConfiguration;
			buildSettings = {
				ASSETCATALOG_COMPILER_APPICON_NAME = AppIcon;
				INFOPLIST_FILE = "my-hood/Info.plist";
				LD_RUNPATH_SEARCH_PATHS = "$(inherited) @executable_path/Frameworks";
				PRODUCT_BUNDLE_IDENTIFIER = "gordonseto.my-hood";
				PRODUCT_NAME = "$(TARGET_NAME)";
			};
			name = Debug;
		};
		8E8AAF841D10A58A00CC8158 /* Release */ = {
			isa = XCBuildConfiguration;
			buildSettings = {
				ASSETCATALOG_COMPILER_APPICON_NAME = AppIcon;
				INFOPLIST_FILE = "my-hood/Info.plist";
				LD_RUNPATH_SEARCH_PATHS = "$(inherited) @executable_path/Frameworks";
				PRODUCT_BUNDLE_IDENTIFIER = "gordonseto.my-hood";
				PRODUCT_NAME = "$(TARGET_NAME)";
			};
			name = Release;
		};
/* End XCBuildConfiguration section */

/* Begin XCConfigurationList section */
		8E8AAF6B1D10A58A00CC8158 /* Build configuration list for PBXProject "my-hood" */ = {
			isa = XCConfigurationList;
			buildConfigurations = (
				8E8AAF801D10A58A00CC8158 /* Debug */,
				8E8AAF811D10A58A00CC8158 /* Release */,
			);
			defaultConfigurationIsVisible = 0;
			defaultConfigurationName = Release;
		};
		8E8AAF821D10A58A00CC8158 /* Build configuration list for PBXNativeTarget "my-hood" */ = {
			isa = XCConfigurationList;
			buildConfigurations = (
				8E8AAF831D10A58A00CC8158 /* Debug */,
				8E8AAF841D10A58A00CC8158 /* Release */,
			);
			defaultConfigurationIsVisible = 0;
		};
/* End XCConfigurationList section */
	};
	rootObject = 8E8AAF681D10A58A00CC8158 /* Project object */;
}
